
Microsoft Visual Studio Solution File, Format Version 12.00
# Visual Studio Version 17
VisualStudioVersion = 17.13.35931.197
MinimumVisualStudioVersion = 10.0.40219.1
Project("{FAE04EC0-301F-11D3-BF4B-00C04F79EFBC}") = "CommunicationNetwork", "CommunicationNetwork\CommunicationNetwork.csproj", "{E5D7E1E5-5311-42F3-92E1-AFC084A09CF0}"
EndProject
Project("{FAE04EC0-301F-11D3-BF4B-00C04F79EFBC}") = "AdjacencyListStorageTests", "AdjacencyListStorageTests\AdjacencyListStorageTests.csproj", "{74CF3FB7-9A30-40B9-B9E1-E27902775CDB}"
EndProject
Project("{FAE04EC0-301F-11D3-BF4B-00C04F79EFBC}") = "DirectedGraphTest", "DirectedGraphTest\DirectedGraphTest.csproj", "{FF9C219E-5A9F-410C-972D-90AA1180C4BD}"
EndProject
Project("{FAE04EC0-301F-11D3-BF4B-00C04F79EFBC}") = "UndirectedGraphTest", "UndirectedGraphTest\UndirectedGraphTest.csproj", "{FAAFCD20-A924-4E6F-853D-2DB58D836B3C}"
EndProject
Global
	GlobalSection(SolutionConfigurationPlatforms) = preSolution
		Debug|Any CPU = Debug|Any CPU
		Release|Any CPU = Release|Any CPU
	EndGlobalSection
	GlobalSection(ProjectConfigurationPlatforms) = postSolution
		{E5D7E1E5-5311-42F3-92E1-AFC084A09CF0}.Debug|Any CPU.ActiveCfg = Debug|Any CPU
		{E5D7E1E5-5311-42F3-92E1-AFC084A09CF0}.Debug|Any CPU.Build.0 = Debug|Any CPU
		{E5D7E1E5-5311-42F3-92E1-AFC084A09CF0}.Release|Any CPU.ActiveCfg = Release|Any CPU
		{E5D7E1E5-5311-42F3-92E1-AFC084A09CF0}.Release|Any CPU.Build.0 = Release|Any CPU
		{74CF3FB7-9A30-40B9-B9E1-E27902775CDB}.Debug|Any CPU.ActiveCfg = Debug|Any CPU
		{74CF3FB7-9A30-40B9-B9E1-E27902775CDB}.Debug|Any CPU.Build.0 = Debug|Any CPU
		{74CF3FB7-9A30-40B9-B9E1-E27902775CDB}.Release|Any CPU.ActiveCfg = Release|Any CPU
		{74CF3FB7-9A30-40B9-B9E1-E27902775CDB}.Release|Any CPU.Build.0 = Release|Any CPU
		{FF9C219E-5A9F-410C-972D-90AA1180C4BD}.Debug|Any CPU.ActiveCfg = Debug|Any CPU
		{FF9C219E-5A9F-410C-972D-90AA1180C4BD}.Debug|Any CPU.Build.0 = Debug|Any CPU
		{FF9C219E-5A9F-410C-972D-90AA1180C4BD}.Release|Any CPU.ActiveCfg = Release|Any CPU
		{FF9C219E-5A9F-410C-972D-90AA1180C4BD}.Release|Any CPU.Build.0 = Release|Any CPU
		{FAAFCD20-A924-4E6F-853D-2DB58D836B3C}.Debug|Any CPU.ActiveCfg = Debug|Any CPU
		{FAAFCD20-A924-4E6F-853D-2DB58D836B3C}.Debug|Any CPU.Build.0 = Debug|Any CPU
		{FAAFCD20-A924-4E6F-853D-2DB58D836B3C}.Release|Any CPU.ActiveCfg = Release|Any CPU
		{FAAFCD20-A924-4E6F-853D-2DB58D836B3C}.Release|Any CPU.Build.0 = Release|Any CPU
	EndGlobalSection
	GlobalSection(SolutionProperties) = preSolution
		HideSolutionNode = FALSE
	EndGlobalSection
	GlobalSection(ExtensibilityGlobals) = postSolution
		SolutionGuid = {52C6D7F5-3B0E-41A9-8E9E-1FAFC52F7255}
	EndGlobalSection
EndGlobal
